{
  "nodes": {
    "nixpkgs": {
      "locked": {
        "lastModified": 1681591410,
        "narHash": "sha256-v/kkDlK8VcivuSbga1jNKJKFoNEJRqBZMlYbI9/0Hvs=",
        "owner": "NixOS",
        "repo": "nixpkgs",
        "rev": "3db128666b4ac7a78fb6b49f2bbc8f3d049cbc3c",
        "type": "github"
      },
      "original": {
        "owner": "NixOS",
        "repo": "nixpkgs",
        "type": "github"
      }
    },
    "root": {
      "inputs": {
        "nixpkgs": "nixpkgs"
      }
    }
  },
  "root": "root",
  "version": 7
}
