{
  "nodes": {
    "nixpkgs": {
      "locked": {
        "lastModified": 1683028696,
        "narHash": "sha256-saPKTDj+HB9aPvB59wGcJ64CifRuiIt2CHvSbh7UHz8=",
        "owner": "NixOS",
        "repo": "nixpkgs",
        "rev": "5dab6490fe6d72b3f120ae8660181e20f396fbdf",
        "type": "github"
      },
      "original": {
        "owner": "NixOS",
        "ref": "nixos-22.11",
        "repo": "nixpkgs",
        "type": "github"
      }
    },
    "root": {
      "inputs": {
        "nixpkgs": "nixpkgs",
        "unstable": "unstable"
      }
    },
    "unstable": {
      "locked": {
        "lastModified": 1682960002,
        "narHash": "sha256-5Zjh4pT3lAjFGN1gVrjqj1LLJHKCAlGdLD8raU7oEMc=",
        "owner": "NixOS",
        "repo": "nixpkgs",
        "rev": "8670e496ffd093b60e74e7fa53526aa5920d09eb",
        "type": "github"
      },
      "original": {
        "owner": "NixOS",
        "ref": "nixpkgs-unstable",
        "repo": "nixpkgs",
        "type": "github"
      }
    }
  },
  "root": "root",
  "version": 7
}
